
Microsoft Visual Studio Solution File, Format Version 12.00
# Visual Studio 15
VisualStudioVersion = 15.0.27130.2024
MinimumVisualStudioVersion = 10.0.40219.1
Project("{9A19103F-16F7-4668-BE54-9A1E7A4F7556}") = "LichessIRCBot", "ChessBot\LichessIRCBot.csproj", "{86F1E2A7-4CDD-4D4F-8CBE-24D83EE57F16}"
EndProject
Global
	GlobalSection(SolutionConfigurationPlatforms) = preSolution
		Debug|Any CPU = Debug|Any CPU
		Release|Any CPU = Release|Any CPU
	EndGlobalSection
	GlobalSection(ProjectConfigurationPlatforms) = postSolution
		{86F1E2A7-4CDD-4D4F-8CBE-24D83EE57F16}.Debug|Any CPU.ActiveCfg = Debug|Any CPU
		{86F1E2A7-4CDD-4D4F-8CBE-24D83EE57F16}.Debug|Any CPU.Build.0 = Debug|Any CPU
		{86F1E2A7-4CDD-4D4F-8CBE-24D83EE57F16}.Release|Any CPU.ActiveCfg = Release|Any CPU
		{86F1E2A7-4CDD-4D4F-8CBE-24D83EE57F16}.Release|Any CPU.Build.0 = Release|Any CPU
	EndGlobalSection
	GlobalSection(SolutionProperties) = preSolution
		HideSolutionNode = FALSE
	EndGlobalSection
	GlobalSection(ExtensibilityGlobals) = postSolution
		SolutionGuid = {35755F24-9039-4F02-8C2B-98D721F4B1A7}
	EndGlobalSection
EndGlobal
